{
  "sha": "cd0df844f360e017f2a4bf50801f9de092b11770",
  "sources": {
    "homebrew": {
      "locked_version": "1.3.2"
    },
    "macvim": {
      "path": "./macvim"
    },
    "jgr-dotfiles": {
      "path": "./jgr-dotfiles"
    },
    "git": {
      "locked_version": "2.5.2"
    },
    "musicality": {
      "path": "./musicality"
    },
    "airfoil": {
      "path": "./airfoil"
    },
    "zip_app": {
      "locked_version": "0.2.3",
      "git": "git://github.com/fnichol/chef-zip_app.git",
      "ref": "b855e5754c575d761858e6a39ce2c36b886b5b9a"
    },
    "virtualbox": {
      "locked_version": "1.0.0",
      "git": "git://github.com/engineyard-cookbooks/virtualbox.git",
      "ref": "cc4043671e4c03f6cd0fc87c00afda787f6d78e6"
    },
    "vagrant": {
      "locked_version": "0.1.0",
      "git": "git://github.com/engineyard-cookbooks/vagrant.git",
      "ref": "e05bb91179bfa1ba468c69d303c037731eb167ae"
    },
    "dmg": {
      "locked_version": "1.1.0"
    },
    "build-essential": {
      "locked_version": "1.4.0"
    },
    "yum": {
      "locked_version": "2.3.0"
    },
    "windows": {
      "locked_version": "1.10.0"
    },
    "chef_handler": {
      "locked_version": "1.1.4"
    },
    "runit": {
      "locked_version": "1.1.6",
      "constraint": ">= 1.0.0"
    },
    "apt": {
      "locked_version": "2.0.0"
    }
  }
}
